
Microsoft Visual Studio Solution File, Format Version 12.00
# Visual Studio Version 16
VisualStudioVersion = 16.0.30011.22
MinimumVisualStudioVersion = 10.0.40219.1
Project("{FAE04EC0-301F-11D3-BF4B-00C04F79EFBC}") = "StringComparePerformance", "StringComparePerformance\StringComparePerformance.csproj", "{2492DDA3-85F5-480B-B90E-23FD835E16A4}"
EndProject
Global
	GlobalSection(SolutionConfigurationPlatforms) = preSolution
		Debug|Any CPU = Debug|Any CPU
		Release|Any CPU = Release|Any CPU
	EndGlobalSection
	GlobalSection(ProjectConfigurationPlatforms) = postSolution
		{2492DDA3-85F5-480B-B90E-23FD835E16A4}.Debug|Any CPU.ActiveCfg = Debug|Any CPU
		{2492DDA3-85F5-480B-B90E-23FD835E16A4}.Debug|Any CPU.Build.0 = Debug|Any CPU
		{2492DDA3-85F5-480B-B90E-23FD835E16A4}.Release|Any CPU.ActiveCfg = Release|Any CPU
		{2492DDA3-85F5-480B-B90E-23FD835E16A4}.Release|Any CPU.Build.0 = Release|Any CPU
	EndGlobalSection
	GlobalSection(SolutionProperties) = preSolution
		HideSolutionNode = FALSE
	EndGlobalSection
	GlobalSection(ExtensibilityGlobals) = postSolution
		SolutionGuid = {BB9FE260-11F8-4FD8-8C89-21EFBC6E7567}
	EndGlobalSection
EndGlobal
